{
  "name": "cavalion-vcl",
  "version": "1.0.2",
  "lockfileVersion": 1,
  "requires": true,
  "dependencies": {
    "cavalion-js": {
      "version": "1.0.1",
      "resolved": "https://registry.npmjs.org/cavalion-js/-/cavalion-js-1.0.1.tgz",
      "integrity": "sha512-1KQg732FkdCp3Ryx7HCWvK4gK+6y59QujJKC29qjs573DrGpNJlHRuYOGX8sjvIaJ4uWDa7mfrx5U4SC/rpcEQ=="
    }
  }
}
