{
  "name": "cavalion-vcl",
  "version": "1.1.75",
  "lockfileVersion": 3,
  "requires": true,
  "packages": {
    "": {
      "name": "cavalion-vcl",
      "version": "1.1.75",
      "license": "ISC",
      "dependencies": {
        "cavalion-js": "^1.0.74",
        "cavalion-vcl": "^1.1.75"
      }
    },
    "node_modules/cavalion-js": {
      "version": "1.0.74",
      "resolved": "https://registry.npmjs.org/cavalion-js/-/cavalion-js-1.0.74.tgz",
      "integrity": "sha512-ra34KbN3tlvHGSVofJ8+F0JrtmpMltTb8Qb1hrz6Tkyq7YHSBdAFbOvWtpwwStQ3gSqYPGNRjGDhPZLVOVGdeA=="
    },
    "node_modules/cavalion-vcl": {
      "version": "1.1.75",
      "resolved": "https://registry.npmjs.org/cavalion-vcl/-/cavalion-vcl-1.1.75.tgz",
      "integrity": "sha512-KdPryRAkOYeaKCvO29ar/vwqcVcY9cUSj6AuxmnGMRJPCNt774vpa1YNDi1GpgT9alGFx8F6E+4NegfeDKWOxA=="
    }
  }
}
